{
  "name": "npm-practice",
  "version": "1.2.3",
  "lockfileVersion": 3,
  "requires": true,
  "packages": {
    "": {
      "name": "npm-practice",
      "version": "1.2.3",
      "license": "ISC",
      "dependencies": {
        "@linclark/pkg": "^1.0.3",
        "lodash": "^4.17.23"
      }
    },
    "node_modules/@linclark/pkg": {
      "version": "1.0.3",
      "resolved": "https://registry.npmjs.org/@linclark/pkg/-/pkg-1.0.3.tgz",
      "integrity": "sha512-hnFdNMk1J1EPu21G7hGnYuHUh7xeql7axQtwrDHLLo+89Skx7EQRyK4JVro4AZHMz8Z7b9ouwPorgjWh4XlXjA==",
      "license": "ISC"
    },
    "node_modules/lodash": {
      "version": "4.17.23",
      "resolved": "https://registry.npmjs.org/lodash/-/lodash-4.17.23.tgz",
      "integrity": "sha512-LgVTMpQtIopCi79SJeDiP0TfWi5CNEc/L/aRdTh3yIvmZXTnheWpKjSZhnvMl8iXbC1tFg9gdHHDMLoV7CnG+w==",
      "license": "MIT"
    }
  }
}
